
Microsoft Visual Studio Solution File, Format Version 12.00
# Visual Studio Version 17
VisualStudioVersion = 17.1.32414.318
MinimumVisualStudioVersion = 10.0.40219.1
Project("{FAE04EC0-301F-11D3-BF4B-00C04F79EFBC}") = "Latest_Work", "Latest_Work.csproj", "{D95E1BAA-6DA1-496B-B92C-4E33C702691E}"
EndProject
Global
	GlobalSection(SolutionConfigurationPlatforms) = preSolution
		Debug|Any CPU = Debug|Any CPU
		Release|Any CPU = Release|Any CPU
	EndGlobalSection
	GlobalSection(ProjectConfigurationPlatforms) = postSolution
		{D95E1BAA-6DA1-496B-B92C-4E33C702691E}.Debug|Any CPU.ActiveCfg = Debug|Any CPU
		{D95E1BAA-6DA1-496B-B92C-4E33C702691E}.Debug|Any CPU.Build.0 = Debug|Any CPU
		{D95E1BAA-6DA1-496B-B92C-4E33C702691E}.Release|Any CPU.ActiveCfg = Release|Any CPU
		{D95E1BAA-6DA1-496B-B92C-4E33C702691E}.Release|Any CPU.Build.0 = Release|Any CPU
	EndGlobalSection
	GlobalSection(SolutionProperties) = preSolution
		HideSolutionNode = FALSE
	EndGlobalSection
	GlobalSection(ExtensibilityGlobals) = postSolution
		SolutionGuid = {CAC7F908-0A2C-4DAE-B3AF-EF1B3B75D1CB}
	EndGlobalSection
EndGlobal
